
Microsoft Visual Studio Solution File, Format Version 12.00
# Visual Studio 2013
VisualStudioVersion = 12.0.30626.0
MinimumVisualStudioVersion = 10.0.40219.1
Project("{FAE04EC0-301F-11D3-BF4B-00C04F79EFBC}") = "TestApp.Phone.8.1", "TestApp.Phone.8.1.csproj", "{251350EC-1A93-4E27-85B3-BAE86C4CBDC4}"
EndProject
Project("{FAE04EC0-301F-11D3-BF4B-00C04F79EFBC}") = "AppboyUI.Universal", "Externals\AppboyUI.Universal\AppboyUI.Universal.csproj", "{AFF6CB75-D9A3-4AA6-8BCF-3DC78B1B1878}"
EndProject
Global
	GlobalSection(SolutionConfigurationPlatforms) = preSolution
		AppboyDebug|Any CPU = AppboyDebug|Any CPU
		AppboyDebug|ARM = AppboyDebug|ARM
		AppboyDebug|x64 = AppboyDebug|x64
		AppboyDebug|x86 = AppboyDebug|x86
		AppboyDeploy|Any CPU = AppboyDeploy|Any CPU
		AppboyDeploy|ARM = AppboyDeploy|ARM
		AppboyDeploy|x64 = AppboyDeploy|x64
		AppboyDeploy|x86 = AppboyDeploy|x86
		AppboyDevelop|Any CPU = AppboyDevelop|Any CPU
		AppboyDevelop|ARM = AppboyDevelop|ARM
		AppboyDevelop|x64 = AppboyDevelop|x64
		AppboyDevelop|x86 = AppboyDevelop|x86
		AppboyRelease|Any CPU = AppboyRelease|Any CPU
		AppboyRelease|ARM = AppboyRelease|ARM
		AppboyRelease|x64 = AppboyRelease|x64
		AppboyRelease|x86 = AppboyRelease|x86
		AppboyReleasePhone8.1|Any CPU = AppboyReleasePhone8.1|Any CPU
		AppboyReleasePhone8.1|ARM = AppboyReleasePhone8.1|ARM
		AppboyReleasePhone8.1|x64 = AppboyReleasePhone8.1|x64
		AppboyReleasePhone8.1|x86 = AppboyReleasePhone8.1|x86
		Debug|Any CPU = Debug|Any CPU
		Debug|ARM = Debug|ARM
		Debug|x64 = Debug|x64
		Debug|x86 = Debug|x86
		Release|Any CPU = Release|Any CPU
		Release|ARM = Release|ARM
		Release|x64 = Release|x64
		Release|x86 = Release|x86
	EndGlobalSection
	GlobalSection(ProjectConfigurationPlatforms) = postSolution
		{251350EC-1A93-4E27-85B3-BAE86C4CBDC4}.AppboyDebug|Any CPU.ActiveCfg = AppboyDebug|Any CPU
		{251350EC-1A93-4E27-85B3-BAE86C4CBDC4}.AppboyDebug|Any CPU.Build.0 = AppboyDebug|Any CPU
		{251350EC-1A93-4E27-85B3-BAE86C4CBDC4}.AppboyDebug|Any CPU.Deploy.0 = AppboyDebug|Any CPU
		{251350EC-1A93-4E27-85B3-BAE86C4CBDC4}.AppboyDebug|ARM.ActiveCfg = AppboyDebug|ARM
		{251350EC-1A93-4E27-85B3-BAE86C4CBDC4}.AppboyDebug|ARM.Build.0 = AppboyDebug|ARM
		{251350EC-1A93-4E27-85B3-BAE86C4CBDC4}.AppboyDebug|ARM.Deploy.0 = AppboyDebug|ARM
		{251350EC-1A93-4E27-85B3-BAE86C4CBDC4}.AppboyDebug|x64.ActiveCfg = AppboyDebug|Any CPU
		{251350EC-1A93-4E27-85B3-BAE86C4CBDC4}.AppboyDebug|x86.ActiveCfg = AppboyDebug|x86
		{251350EC-1A93-4E27-85B3-BAE86C4CBDC4}.AppboyDebug|x86.Build.0 = AppboyDebug|x86
		{251350EC-1A93-4E27-85B3-BAE86C4CBDC4}.AppboyDebug|x86.Deploy.0 = AppboyDebug|x86
		{251350EC-1A93-4E27-85B3-BAE86C4CBDC4}.AppboyDeploy|Any CPU.ActiveCfg = AppboyDebug|Any CPU
		{251350EC-1A93-4E27-85B3-BAE86C4CBDC4}.AppboyDeploy|Any CPU.Build.0 = AppboyDebug|Any CPU
		{251350EC-1A93-4E27-85B3-BAE86C4CBDC4}.AppboyDeploy|Any CPU.Deploy.0 = AppboyDebug|Any CPU
		{251350EC-1A93-4E27-85B3-BAE86C4CBDC4}.AppboyDeploy|ARM.ActiveCfg = AppboyDebug|ARM
		{251350EC-1A93-4E27-85B3-BAE86C4CBDC4}.AppboyDeploy|ARM.Build.0 = AppboyDebug|ARM
		{251350EC-1A93-4E27-85B3-BAE86C4CBDC4}.AppboyDeploy|ARM.Deploy.0 = AppboyDebug|ARM
		{251350EC-1A93-4E27-85B3-BAE86C4CBDC4}.AppboyDeploy|x64.ActiveCfg = AppboyDebug|Any CPU
		{251350EC-1A93-4E27-85B3-BAE86C4CBDC4}.AppboyDeploy|x86.ActiveCfg = AppboyDebug|x86
		{251350EC-1A93-4E27-85B3-BAE86C4CBDC4}.AppboyDeploy|x86.Build.0 = AppboyDebug|x86
		{251350EC-1A93-4E27-85B3-BAE86C4CBDC4}.AppboyDeploy|x86.Deploy.0 = AppboyDebug|x86
		{251350EC-1A93-4E27-85B3-BAE86C4CBDC4}.AppboyDevelop|Any CPU.ActiveCfg = AppboyDebug|Any CPU
		{251350EC-1A93-4E27-85B3-BAE86C4CBDC4}.AppboyDevelop|Any CPU.Build.0 = AppboyDebug|Any CPU
		{251350EC-1A93-4E27-85B3-BAE86C4CBDC4}.AppboyDevelop|Any CPU.Deploy.0 = AppboyDebug|Any CPU
		{251350EC-1A93-4E27-85B3-BAE86C4CBDC4}.AppboyDevelop|ARM.ActiveCfg = AppboyDebug|ARM
		{251350EC-1A93-4E27-85B3-BAE86C4CBDC4}.AppboyDevelop|ARM.Build.0 = AppboyDebug|ARM
		{251350EC-1A93-4E27-85B3-BAE86C4CBDC4}.AppboyDevelop|ARM.Deploy.0 = AppboyDebug|ARM
		{251350EC-1A93-4E27-85B3-BAE86C4CBDC4}.AppboyDevelop|x64.ActiveCfg = AppboyDebug|Any CPU
		{251350EC-1A93-4E27-85B3-BAE86C4CBDC4}.AppboyDevelop|x86.ActiveCfg = AppboyDebug|x86
		{251350EC-1A93-4E27-85B3-BAE86C4CBDC4}.AppboyDevelop|x86.Build.0 = AppboyDebug|x86
		{251350EC-1A93-4E27-85B3-BAE86C4CBDC4}.AppboyDevelop|x86.Deploy.0 = AppboyDebug|x86
		{251350EC-1A93-4E27-85B3-BAE86C4CBDC4}.AppboyRelease|Any CPU.ActiveCfg = AppboyReleasePhone8.1|Any CPU
		{251350EC-1A93-4E27-85B3-BAE86C4CBDC4}.AppboyRelease|Any CPU.Build.0 = AppboyReleasePhone8.1|Any CPU
		{251350EC-1A93-4E27-85B3-BAE86C4CBDC4}.AppboyRelease|Any CPU.Deploy.0 = AppboyReleasePhone8.1|Any CPU
		{251350EC-1A93-4E27-85B3-BAE86C4CBDC4}.AppboyRelease|ARM.ActiveCfg = AppboyReleasePhone8.1|ARM
		{251350EC-1A93-4E27-85B3-BAE86C4CBDC4}.AppboyRelease|ARM.Build.0 = AppboyReleasePhone8.1|ARM
		{251350EC-1A93-4E27-85B3-BAE86C4CBDC4}.AppboyRelease|ARM.Deploy.0 = AppboyReleasePhone8.1|ARM
		{251350EC-1A93-4E27-85B3-BAE86C4CBDC4}.AppboyRelease|x64.ActiveCfg = AppboyReleasePhone8.1|Any CPU
		{251350EC-1A93-4E27-85B3-BAE86C4CBDC4}.AppboyRelease|x86.ActiveCfg = AppboyReleasePhone8.1|x86
		{251350EC-1A93-4E27-85B3-BAE86C4CBDC4}.AppboyRelease|x86.Build.0 = AppboyReleasePhone8.1|x86
		{251350EC-1A93-4E27-85B3-BAE86C4CBDC4}.AppboyRelease|x86.Deploy.0 = AppboyReleasePhone8.1|x86
		{251350EC-1A93-4E27-85B3-BAE86C4CBDC4}.AppboyReleasePhone8.1|Any CPU.ActiveCfg = AppboyReleasePhone8.1|Any CPU
		{251350EC-1A93-4E27-85B3-BAE86C4CBDC4}.AppboyReleasePhone8.1|Any CPU.Build.0 = AppboyReleasePhone8.1|Any CPU
		{251350EC-1A93-4E27-85B3-BAE86C4CBDC4}.AppboyReleasePhone8.1|Any CPU.Deploy.0 = AppboyReleasePhone8.1|Any CPU
		{251350EC-1A93-4E27-85B3-BAE86C4CBDC4}.AppboyReleasePhone8.1|ARM.ActiveCfg = AppboyReleasePhone8.1|ARM
		{251350EC-1A93-4E27-85B3-BAE86C4CBDC4}.AppboyReleasePhone8.1|ARM.Build.0 = AppboyReleasePhone8.1|ARM
		{251350EC-1A93-4E27-85B3-BAE86C4CBDC4}.AppboyReleasePhone8.1|ARM.Deploy.0 = AppboyReleasePhone8.1|ARM
		{251350EC-1A93-4E27-85B3-BAE86C4CBDC4}.AppboyReleasePhone8.1|x64.ActiveCfg = AppboyReleasePhone8.1|Any CPU
		{251350EC-1A93-4E27-85B3-BAE86C4CBDC4}.AppboyReleasePhone8.1|x86.ActiveCfg = AppboyReleasePhone8.1|x86
		{251350EC-1A93-4E27-85B3-BAE86C4CBDC4}.AppboyReleasePhone8.1|x86.Build.0 = AppboyReleasePhone8.1|x86
		{251350EC-1A93-4E27-85B3-BAE86C4CBDC4}.AppboyReleasePhone8.1|x86.Deploy.0 = AppboyReleasePhone8.1|x86
		{251350EC-1A93-4E27-85B3-BAE86C4CBDC4}.Debug|Any CPU.ActiveCfg = Debug|Any CPU
		{251350EC-1A93-4E27-85B3-BAE86C4CBDC4}.Debug|Any CPU.Build.0 = Debug|Any CPU
		{251350EC-1A93-4E27-85B3-BAE86C4CBDC4}.Debug|Any CPU.Deploy.0 = Debug|Any CPU
		{251350EC-1A93-4E27-85B3-BAE86C4CBDC4}.Debug|ARM.ActiveCfg = Debug|ARM
		{251350EC-1A93-4E27-85B3-BAE86C4CBDC4}.Debug|ARM.Build.0 = Debug|ARM
		{251350EC-1A93-4E27-85B3-BAE86C4CBDC4}.Debug|ARM.Deploy.0 = Debug|ARM
		{251350EC-1A93-4E27-85B3-BAE86C4CBDC4}.Debug|x64.ActiveCfg = Debug|Any CPU
		{251350EC-1A93-4E27-85B3-BAE86C4CBDC4}.Debug|x86.ActiveCfg = Debug|x86
		{251350EC-1A93-4E27-85B3-BAE86C4CBDC4}.Debug|x86.Build.0 = Debug|x86
		{251350EC-1A93-4E27-85B3-BAE86C4CBDC4}.Debug|x86.Deploy.0 = Debug|x86
		{251350EC-1A93-4E27-85B3-BAE86C4CBDC4}.Release|Any CPU.ActiveCfg = Release|Any CPU
		{251350EC-1A93-4E27-85B3-BAE86C4CBDC4}.Release|Any CPU.Build.0 = Release|Any CPU
		{251350EC-1A93-4E27-85B3-BAE86C4CBDC4}.Release|Any CPU.Deploy.0 = Release|Any CPU
		{251350EC-1A93-4E27-85B3-BAE86C4CBDC4}.Release|ARM.ActiveCfg = Release|ARM
		{251350EC-1A93-4E27-85B3-BAE86C4CBDC4}.Release|ARM.Build.0 = Release|ARM
		{251350EC-1A93-4E27-85B3-BAE86C4CBDC4}.Release|ARM.Deploy.0 = Release|ARM
		{251350EC-1A93-4E27-85B3-BAE86C4CBDC4}.Release|x64.ActiveCfg = Release|Any CPU
		{251350EC-1A93-4E27-85B3-BAE86C4CBDC4}.Release|x86.ActiveCfg = Release|x86
		{251350EC-1A93-4E27-85B3-BAE86C4CBDC4}.Release|x86.Build.0 = Release|x86
		{251350EC-1A93-4E27-85B3-BAE86C4CBDC4}.Release|x86.Deploy.0 = Release|x86
		{AFF6CB75-D9A3-4AA6-8BCF-3DC78B1B1878}.AppboyDebug|Any CPU.ActiveCfg = AppboyDebug|Any CPU
		{AFF6CB75-D9A3-4AA6-8BCF-3DC78B1B1878}.AppboyDebug|Any CPU.Build.0 = AppboyDebug|Any CPU
		{AFF6CB75-D9A3-4AA6-8BCF-3DC78B1B1878}.AppboyDebug|ARM.ActiveCfg = AppboyDebug|ARM
		{AFF6CB75-D9A3-4AA6-8BCF-3DC78B1B1878}.AppboyDebug|ARM.Build.0 = AppboyDebug|ARM
		{AFF6CB75-D9A3-4AA6-8BCF-3DC78B1B1878}.AppboyDebug|x64.ActiveCfg = AppboyDebug|x64
		{AFF6CB75-D9A3-4AA6-8BCF-3DC78B1B1878}.AppboyDebug|x64.Build.0 = AppboyDebug|x64
		{AFF6CB75-D9A3-4AA6-8BCF-3DC78B1B1878}.AppboyDebug|x86.ActiveCfg = AppboyDebug|x86
		{AFF6CB75-D9A3-4AA6-8BCF-3DC78B1B1878}.AppboyDebug|x86.Build.0 = AppboyDebug|x86
		{AFF6CB75-D9A3-4AA6-8BCF-3DC78B1B1878}.AppboyDeploy|Any CPU.ActiveCfg = AppboyDebug|Any CPU
		{AFF6CB75-D9A3-4AA6-8BCF-3DC78B1B1878}.AppboyDeploy|Any CPU.Build.0 = AppboyDebug|Any CPU
		{AFF6CB75-D9A3-4AA6-8BCF-3DC78B1B1878}.AppboyDeploy|ARM.ActiveCfg = AppboyDebug|ARM
		{AFF6CB75-D9A3-4AA6-8BCF-3DC78B1B1878}.AppboyDeploy|ARM.Build.0 = AppboyDebug|ARM
		{AFF6CB75-D9A3-4AA6-8BCF-3DC78B1B1878}.AppboyDeploy|x64.ActiveCfg = AppboyDebug|x64
		{AFF6CB75-D9A3-4AA6-8BCF-3DC78B1B1878}.AppboyDeploy|x64.Build.0 = AppboyDebug|x64
		{AFF6CB75-D9A3-4AA6-8BCF-3DC78B1B1878}.AppboyDeploy|x86.ActiveCfg = AppboyDebug|x86
		{AFF6CB75-D9A3-4AA6-8BCF-3DC78B1B1878}.AppboyDeploy|x86.Build.0 = AppboyDebug|x86
		{AFF6CB75-D9A3-4AA6-8BCF-3DC78B1B1878}.AppboyDevelop|Any CPU.ActiveCfg = AppboyDebug|Any CPU
		{AFF6CB75-D9A3-4AA6-8BCF-3DC78B1B1878}.AppboyDevelop|Any CPU.Build.0 = AppboyDebug|Any CPU
		{AFF6CB75-D9A3-4AA6-8BCF-3DC78B1B1878}.AppboyDevelop|ARM.ActiveCfg = AppboyDebug|ARM
		{AFF6CB75-D9A3-4AA6-8BCF-3DC78B1B1878}.AppboyDevelop|ARM.Build.0 = AppboyDebug|ARM
		{AFF6CB75-D9A3-4AA6-8BCF-3DC78B1B1878}.AppboyDevelop|x64.ActiveCfg = AppboyDebug|x64
		{AFF6CB75-D9A3-4AA6-8BCF-3DC78B1B1878}.AppboyDevelop|x64.Build.0 = AppboyDebug|x64
		{AFF6CB75-D9A3-4AA6-8BCF-3DC78B1B1878}.AppboyDevelop|x86.ActiveCfg = AppboyDebug|x86
		{AFF6CB75-D9A3-4AA6-8BCF-3DC78B1B1878}.AppboyDevelop|x86.Build.0 = AppboyDebug|x86
		{AFF6CB75-D9A3-4AA6-8BCF-3DC78B1B1878}.AppboyRelease|Any CPU.ActiveCfg = AppboyRelease|Any CPU
		{AFF6CB75-D9A3-4AA6-8BCF-3DC78B1B1878}.AppboyRelease|Any CPU.Build.0 = AppboyRelease|Any CPU
		{AFF6CB75-D9A3-4AA6-8BCF-3DC78B1B1878}.AppboyRelease|ARM.ActiveCfg = AppboyRelease|ARM
		{AFF6CB75-D9A3-4AA6-8BCF-3DC78B1B1878}.AppboyRelease|ARM.Build.0 = AppboyRelease|ARM
		{AFF6CB75-D9A3-4AA6-8BCF-3DC78B1B1878}.AppboyRelease|x64.ActiveCfg = AppboyRelease|x64
		{AFF6CB75-D9A3-4AA6-8BCF-3DC78B1B1878}.AppboyRelease|x64.Build.0 = AppboyRelease|x64
		{AFF6CB75-D9A3-4AA6-8BCF-3DC78B1B1878}.AppboyRelease|x86.ActiveCfg = AppboyRelease|x86
		{AFF6CB75-D9A3-4AA6-8BCF-3DC78B1B1878}.AppboyRelease|x86.Build.0 = AppboyRelease|x86
		{AFF6CB75-D9A3-4AA6-8BCF-3DC78B1B1878}.AppboyReleasePhone8.1|Any CPU.ActiveCfg = AppboyReleasePhone8.1|Any CPU
		{AFF6CB75-D9A3-4AA6-8BCF-3DC78B1B1878}.AppboyReleasePhone8.1|Any CPU.Build.0 = AppboyReleasePhone8.1|Any CPU
		{AFF6CB75-D9A3-4AA6-8BCF-3DC78B1B1878}.AppboyReleasePhone8.1|ARM.ActiveCfg = AppboyReleasePhone8.1|ARM
		{AFF6CB75-D9A3-4AA6-8BCF-3DC78B1B1878}.AppboyReleasePhone8.1|ARM.Build.0 = AppboyReleasePhone8.1|ARM
		{AFF6CB75-D9A3-4AA6-8BCF-3DC78B1B1878}.AppboyReleasePhone8.1|x64.ActiveCfg = AppboyReleasePhone8.1|x64
		{AFF6CB75-D9A3-4AA6-8BCF-3DC78B1B1878}.AppboyReleasePhone8.1|x64.Build.0 = AppboyReleasePhone8.1|x64
		{AFF6CB75-D9A3-4AA6-8BCF-3DC78B1B1878}.AppboyReleasePhone8.1|x86.ActiveCfg = AppboyReleasePhone8.1|x86
		{AFF6CB75-D9A3-4AA6-8BCF-3DC78B1B1878}.AppboyReleasePhone8.1|x86.Build.0 = AppboyReleasePhone8.1|x86
		{AFF6CB75-D9A3-4AA6-8BCF-3DC78B1B1878}.Debug|Any CPU.ActiveCfg = Debug|Any CPU
		{AFF6CB75-D9A3-4AA6-8BCF-3DC78B1B1878}.Debug|Any CPU.Build.0 = Debug|Any CPU
		{AFF6CB75-D9A3-4AA6-8BCF-3DC78B1B1878}.Debug|ARM.ActiveCfg = Debug|ARM
		{AFF6CB75-D9A3-4AA6-8BCF-3DC78B1B1878}.Debug|ARM.Build.0 = Debug|ARM
		{AFF6CB75-D9A3-4AA6-8BCF-3DC78B1B1878}.Debug|x64.ActiveCfg = Debug|x64
		{AFF6CB75-D9A3-4AA6-8BCF-3DC78B1B1878}.Debug|x64.Build.0 = Debug|x64
		{AFF6CB75-D9A3-4AA6-8BCF-3DC78B1B1878}.Debug|x86.ActiveCfg = Debug|x86
		{AFF6CB75-D9A3-4AA6-8BCF-3DC78B1B1878}.Debug|x86.Build.0 = Debug|x86
		{AFF6CB75-D9A3-4AA6-8BCF-3DC78B1B1878}.Release|Any CPU.ActiveCfg = Release|Any CPU
		{AFF6CB75-D9A3-4AA6-8BCF-3DC78B1B1878}.Release|Any CPU.Build.0 = Release|Any CPU
		{AFF6CB75-D9A3-4AA6-8BCF-3DC78B1B1878}.Release|ARM.ActiveCfg = Release|ARM
		{AFF6CB75-D9A3-4AA6-8BCF-3DC78B1B1878}.Release|ARM.Build.0 = Release|ARM
		{AFF6CB75-D9A3-4AA6-8BCF-3DC78B1B1878}.Release|x64.ActiveCfg = Release|x64
		{AFF6CB75-D9A3-4AA6-8BCF-3DC78B1B1878}.Release|x64.Build.0 = Release|x64
		{AFF6CB75-D9A3-4AA6-8BCF-3DC78B1B1878}.Release|x86.ActiveCfg = Release|x86
		{AFF6CB75-D9A3-4AA6-8BCF-3DC78B1B1878}.Release|x86.Build.0 = Release|x86
	EndGlobalSection
	GlobalSection(SolutionProperties) = preSolution
		HideSolutionNode = FALSE
	EndGlobalSection
EndGlobal
