
Microsoft Visual Studio Solution File, Format Version 12.00
# Visual Studio 2012
Project("{FAE04EC0-301F-11D3-BF4B-00C04F79EFBC}") = "TestApp.Store.Windows.8.0", "TestApp.Store.Windows.8.0.csproj", "{F94835EB-91FC-4C75-AD45-2CC7882DD629}"
EndProject
Project("{FAE04EC0-301F-11D3-BF4B-00C04F79EFBC}") = "AppboyUI.Store.Windows.8.0", "Externals\AppboyUI.Store\AppboyUI.Store.Windows.8.0.csproj", "{B4B2527A-DDDA-40A2-BE61-F15058E895F6}"
EndProject
Project("{2150E333-8FDC-42A3-9474-1A3956D46DE8}") = ".nuget", ".nuget", "{B908BBEF-4B7C-4298-B559-74C08C888BD3}"
	ProjectSection(SolutionItems) = preProject
		.nuget\NuGet.Config = .nuget\NuGet.Config
		.nuget\NuGet.exe = .nuget\NuGet.exe
		.nuget\NuGet.targets = .nuget\NuGet.targets
	EndProjectSection
EndProject
Global
	GlobalSection(SolutionConfigurationPlatforms) = preSolution
		AppboyDeploy|Any CPU = AppboyDeploy|Any CPU
		AppboyDeploy|ARM = AppboyDeploy|ARM
		AppboyDeploy|x64 = AppboyDeploy|x64
		AppboyDeploy|x86 = AppboyDeploy|x86
		AppboyDeployWindows8|Any CPU = AppboyDeployWindows8|Any CPU
		AppboyDeployWindows8|ARM = AppboyDeployWindows8|ARM
		AppboyDeployWindows8|x64 = AppboyDeployWindows8|x64
		AppboyDeployWindows8|x86 = AppboyDeployWindows8|x86
		AppboyDevelopWindows8|Any CPU = AppboyDevelopWindows8|Any CPU
		AppboyDevelopWindows8|ARM = AppboyDevelopWindows8|ARM
		AppboyDevelopWindows8|x64 = AppboyDevelopWindows8|x64
		AppboyDevelopWindows8|x86 = AppboyDevelopWindows8|x86
		Debug|Any CPU = Debug|Any CPU
		Debug|ARM = Debug|ARM
		Debug|x64 = Debug|x64
		Debug|x86 = Debug|x86
		Release|Any CPU = Release|Any CPU
		Release|ARM = Release|ARM
		Release|x64 = Release|x64
		Release|x86 = Release|x86
	EndGlobalSection
	GlobalSection(ProjectConfigurationPlatforms) = postSolution
		{F94835EB-91FC-4C75-AD45-2CC7882DD629}.AppboyDeploy|Any CPU.ActiveCfg = AppboyDeployWindows8|Any CPU
		{F94835EB-91FC-4C75-AD45-2CC7882DD629}.AppboyDeploy|Any CPU.Build.0 = AppboyDeployWindows8|Any CPU
		{F94835EB-91FC-4C75-AD45-2CC7882DD629}.AppboyDeploy|Any CPU.Deploy.0 = AppboyDeployWindows8|Any CPU
		{F94835EB-91FC-4C75-AD45-2CC7882DD629}.AppboyDeploy|ARM.ActiveCfg = AppboyDeployWindows8|ARM
		{F94835EB-91FC-4C75-AD45-2CC7882DD629}.AppboyDeploy|ARM.Build.0 = AppboyDeployWindows8|ARM
		{F94835EB-91FC-4C75-AD45-2CC7882DD629}.AppboyDeploy|ARM.Deploy.0 = AppboyDeployWindows8|ARM
		{F94835EB-91FC-4C75-AD45-2CC7882DD629}.AppboyDeploy|x64.ActiveCfg = AppboyDeployWindows8|x64
		{F94835EB-91FC-4C75-AD45-2CC7882DD629}.AppboyDeploy|x64.Build.0 = AppboyDeployWindows8|x64
		{F94835EB-91FC-4C75-AD45-2CC7882DD629}.AppboyDeploy|x64.Deploy.0 = AppboyDeployWindows8|x64
		{F94835EB-91FC-4C75-AD45-2CC7882DD629}.AppboyDeploy|x86.ActiveCfg = AppboyDeployWindows8|x86
		{F94835EB-91FC-4C75-AD45-2CC7882DD629}.AppboyDeploy|x86.Build.0 = AppboyDeployWindows8|x86
		{F94835EB-91FC-4C75-AD45-2CC7882DD629}.AppboyDeploy|x86.Deploy.0 = AppboyDeployWindows8|x86
		{F94835EB-91FC-4C75-AD45-2CC7882DD629}.AppboyDeployWindows8|Any CPU.ActiveCfg = AppboyDeployWindows8|Any CPU
		{F94835EB-91FC-4C75-AD45-2CC7882DD629}.AppboyDeployWindows8|Any CPU.Build.0 = AppboyDeployWindows8|Any CPU
		{F94835EB-91FC-4C75-AD45-2CC7882DD629}.AppboyDeployWindows8|Any CPU.Deploy.0 = AppboyDeployWindows8|Any CPU
		{F94835EB-91FC-4C75-AD45-2CC7882DD629}.AppboyDeployWindows8|ARM.ActiveCfg = AppboyDeployWindows8|ARM
		{F94835EB-91FC-4C75-AD45-2CC7882DD629}.AppboyDeployWindows8|ARM.Build.0 = AppboyDeployWindows8|ARM
		{F94835EB-91FC-4C75-AD45-2CC7882DD629}.AppboyDeployWindows8|ARM.Deploy.0 = AppboyDeployWindows8|ARM
		{F94835EB-91FC-4C75-AD45-2CC7882DD629}.AppboyDeployWindows8|x64.ActiveCfg = AppboyDeployWindows8|x64
		{F94835EB-91FC-4C75-AD45-2CC7882DD629}.AppboyDeployWindows8|x64.Build.0 = AppboyDeployWindows8|x64
		{F94835EB-91FC-4C75-AD45-2CC7882DD629}.AppboyDeployWindows8|x64.Deploy.0 = AppboyDeployWindows8|x64
		{F94835EB-91FC-4C75-AD45-2CC7882DD629}.AppboyDeployWindows8|x86.ActiveCfg = AppboyDeployWindows8|x86
		{F94835EB-91FC-4C75-AD45-2CC7882DD629}.AppboyDeployWindows8|x86.Build.0 = AppboyDeployWindows8|x86
		{F94835EB-91FC-4C75-AD45-2CC7882DD629}.AppboyDeployWindows8|x86.Deploy.0 = AppboyDeployWindows8|x86
		{F94835EB-91FC-4C75-AD45-2CC7882DD629}.AppboyDevelopWindows8|Any CPU.ActiveCfg = AppboyDevelopWindows8|Any CPU
		{F94835EB-91FC-4C75-AD45-2CC7882DD629}.AppboyDevelopWindows8|Any CPU.Build.0 = AppboyDevelopWindows8|Any CPU
		{F94835EB-91FC-4C75-AD45-2CC7882DD629}.AppboyDevelopWindows8|Any CPU.Deploy.0 = AppboyDevelopWindows8|Any CPU
		{F94835EB-91FC-4C75-AD45-2CC7882DD629}.AppboyDevelopWindows8|ARM.ActiveCfg = AppboyDevelopWindows8|ARM
		{F94835EB-91FC-4C75-AD45-2CC7882DD629}.AppboyDevelopWindows8|ARM.Build.0 = AppboyDevelopWindows8|ARM
		{F94835EB-91FC-4C75-AD45-2CC7882DD629}.AppboyDevelopWindows8|ARM.Deploy.0 = AppboyDevelopWindows8|ARM
		{F94835EB-91FC-4C75-AD45-2CC7882DD629}.AppboyDevelopWindows8|x64.ActiveCfg = AppboyDevelopWindows8|x64
		{F94835EB-91FC-4C75-AD45-2CC7882DD629}.AppboyDevelopWindows8|x64.Build.0 = AppboyDevelopWindows8|x64
		{F94835EB-91FC-4C75-AD45-2CC7882DD629}.AppboyDevelopWindows8|x64.Deploy.0 = AppboyDevelopWindows8|x64
		{F94835EB-91FC-4C75-AD45-2CC7882DD629}.AppboyDevelopWindows8|x86.ActiveCfg = AppboyDevelopWindows8|x86
		{F94835EB-91FC-4C75-AD45-2CC7882DD629}.AppboyDevelopWindows8|x86.Build.0 = AppboyDevelopWindows8|x86
		{F94835EB-91FC-4C75-AD45-2CC7882DD629}.AppboyDevelopWindows8|x86.Deploy.0 = AppboyDevelopWindows8|x86
		{F94835EB-91FC-4C75-AD45-2CC7882DD629}.Debug|Any CPU.ActiveCfg = Debug|Any CPU
		{F94835EB-91FC-4C75-AD45-2CC7882DD629}.Debug|Any CPU.Build.0 = Debug|Any CPU
		{F94835EB-91FC-4C75-AD45-2CC7882DD629}.Debug|Any CPU.Deploy.0 = Debug|Any CPU
		{F94835EB-91FC-4C75-AD45-2CC7882DD629}.Debug|ARM.ActiveCfg = Debug|ARM
		{F94835EB-91FC-4C75-AD45-2CC7882DD629}.Debug|ARM.Build.0 = Debug|ARM
		{F94835EB-91FC-4C75-AD45-2CC7882DD629}.Debug|ARM.Deploy.0 = Debug|ARM
		{F94835EB-91FC-4C75-AD45-2CC7882DD629}.Debug|x64.ActiveCfg = Debug|x64
		{F94835EB-91FC-4C75-AD45-2CC7882DD629}.Debug|x64.Build.0 = Debug|x64
		{F94835EB-91FC-4C75-AD45-2CC7882DD629}.Debug|x64.Deploy.0 = Debug|x64
		{F94835EB-91FC-4C75-AD45-2CC7882DD629}.Debug|x86.ActiveCfg = Debug|x86
		{F94835EB-91FC-4C75-AD45-2CC7882DD629}.Debug|x86.Build.0 = Debug|x86
		{F94835EB-91FC-4C75-AD45-2CC7882DD629}.Debug|x86.Deploy.0 = Debug|x86
		{F94835EB-91FC-4C75-AD45-2CC7882DD629}.Release|Any CPU.ActiveCfg = Release|Any CPU
		{F94835EB-91FC-4C75-AD45-2CC7882DD629}.Release|Any CPU.Build.0 = Release|Any CPU
		{F94835EB-91FC-4C75-AD45-2CC7882DD629}.Release|Any CPU.Deploy.0 = Release|Any CPU
		{F94835EB-91FC-4C75-AD45-2CC7882DD629}.Release|ARM.ActiveCfg = Release|ARM
		{F94835EB-91FC-4C75-AD45-2CC7882DD629}.Release|ARM.Build.0 = Release|ARM
		{F94835EB-91FC-4C75-AD45-2CC7882DD629}.Release|ARM.Deploy.0 = Release|ARM
		{F94835EB-91FC-4C75-AD45-2CC7882DD629}.Release|x64.ActiveCfg = Release|x64
		{F94835EB-91FC-4C75-AD45-2CC7882DD629}.Release|x64.Build.0 = Release|x64
		{F94835EB-91FC-4C75-AD45-2CC7882DD629}.Release|x64.Deploy.0 = Release|x64
		{F94835EB-91FC-4C75-AD45-2CC7882DD629}.Release|x86.ActiveCfg = Release|x86
		{F94835EB-91FC-4C75-AD45-2CC7882DD629}.Release|x86.Build.0 = Release|x86
		{F94835EB-91FC-4C75-AD45-2CC7882DD629}.Release|x86.Deploy.0 = Release|x86
		{B4B2527A-DDDA-40A2-BE61-F15058E895F6}.AppboyDeploy|Any CPU.ActiveCfg = AppboyDeploy|Any CPU
		{B4B2527A-DDDA-40A2-BE61-F15058E895F6}.AppboyDeploy|Any CPU.Build.0 = AppboyDeploy|Any CPU
		{B4B2527A-DDDA-40A2-BE61-F15058E895F6}.AppboyDeploy|ARM.ActiveCfg = AppboyDeploy|ARM
		{B4B2527A-DDDA-40A2-BE61-F15058E895F6}.AppboyDeploy|ARM.Build.0 = AppboyDeploy|ARM
		{B4B2527A-DDDA-40A2-BE61-F15058E895F6}.AppboyDeploy|x64.ActiveCfg = AppboyDeploy|x64
		{B4B2527A-DDDA-40A2-BE61-F15058E895F6}.AppboyDeploy|x64.Build.0 = AppboyDeploy|x64
		{B4B2527A-DDDA-40A2-BE61-F15058E895F6}.AppboyDeploy|x86.ActiveCfg = AppboyDeploy|x86
		{B4B2527A-DDDA-40A2-BE61-F15058E895F6}.AppboyDeploy|x86.Build.0 = AppboyDeploy|x86
		{B4B2527A-DDDA-40A2-BE61-F15058E895F6}.AppboyDeployWindows8|Any CPU.ActiveCfg = AppboyDeployWindows8|Any CPU
		{B4B2527A-DDDA-40A2-BE61-F15058E895F6}.AppboyDeployWindows8|Any CPU.Build.0 = AppboyDeployWindows8|Any CPU
		{B4B2527A-DDDA-40A2-BE61-F15058E895F6}.AppboyDeployWindows8|ARM.ActiveCfg = AppboyDeployWindows8|ARM
		{B4B2527A-DDDA-40A2-BE61-F15058E895F6}.AppboyDeployWindows8|ARM.Build.0 = AppboyDeployWindows8|ARM
		{B4B2527A-DDDA-40A2-BE61-F15058E895F6}.AppboyDeployWindows8|x64.ActiveCfg = AppboyDeployWindows8|x64
		{B4B2527A-DDDA-40A2-BE61-F15058E895F6}.AppboyDeployWindows8|x64.Build.0 = AppboyDeployWindows8|x64
		{B4B2527A-DDDA-40A2-BE61-F15058E895F6}.AppboyDeployWindows8|x86.ActiveCfg = AppboyDeployWindows8|x86
		{B4B2527A-DDDA-40A2-BE61-F15058E895F6}.AppboyDeployWindows8|x86.Build.0 = AppboyDeployWindows8|x86
		{B4B2527A-DDDA-40A2-BE61-F15058E895F6}.AppboyDevelopWindows8|Any CPU.ActiveCfg = AppboyDevelopWindows8|Any CPU
		{B4B2527A-DDDA-40A2-BE61-F15058E895F6}.AppboyDevelopWindows8|Any CPU.Build.0 = AppboyDevelopWindows8|Any CPU
		{B4B2527A-DDDA-40A2-BE61-F15058E895F6}.AppboyDevelopWindows8|ARM.ActiveCfg = AppboyDevelopWindows8|ARM
		{B4B2527A-DDDA-40A2-BE61-F15058E895F6}.AppboyDevelopWindows8|ARM.Build.0 = AppboyDevelopWindows8|ARM
		{B4B2527A-DDDA-40A2-BE61-F15058E895F6}.AppboyDevelopWindows8|x64.ActiveCfg = AppboyDevelopWindows8|x64
		{B4B2527A-DDDA-40A2-BE61-F15058E895F6}.AppboyDevelopWindows8|x64.Build.0 = AppboyDevelopWindows8|x64
		{B4B2527A-DDDA-40A2-BE61-F15058E895F6}.AppboyDevelopWindows8|x86.ActiveCfg = AppboyDevelopWindows8|x86
		{B4B2527A-DDDA-40A2-BE61-F15058E895F6}.AppboyDevelopWindows8|x86.Build.0 = AppboyDevelopWindows8|x86
		{B4B2527A-DDDA-40A2-BE61-F15058E895F6}.Debug|Any CPU.ActiveCfg = Debug|Any CPU
		{B4B2527A-DDDA-40A2-BE61-F15058E895F6}.Debug|Any CPU.Build.0 = Debug|Any CPU
		{B4B2527A-DDDA-40A2-BE61-F15058E895F6}.Debug|ARM.ActiveCfg = Debug|ARM
		{B4B2527A-DDDA-40A2-BE61-F15058E895F6}.Debug|ARM.Build.0 = Debug|ARM
		{B4B2527A-DDDA-40A2-BE61-F15058E895F6}.Debug|x64.ActiveCfg = Debug|x64
		{B4B2527A-DDDA-40A2-BE61-F15058E895F6}.Debug|x64.Build.0 = Debug|x64
		{B4B2527A-DDDA-40A2-BE61-F15058E895F6}.Debug|x86.ActiveCfg = Debug|x86
		{B4B2527A-DDDA-40A2-BE61-F15058E895F6}.Debug|x86.Build.0 = Debug|x86
		{B4B2527A-DDDA-40A2-BE61-F15058E895F6}.Release|Any CPU.ActiveCfg = Release|Any CPU
		{B4B2527A-DDDA-40A2-BE61-F15058E895F6}.Release|Any CPU.Build.0 = Release|Any CPU
		{B4B2527A-DDDA-40A2-BE61-F15058E895F6}.Release|ARM.ActiveCfg = Release|ARM
		{B4B2527A-DDDA-40A2-BE61-F15058E895F6}.Release|ARM.Build.0 = Release|ARM
		{B4B2527A-DDDA-40A2-BE61-F15058E895F6}.Release|x64.ActiveCfg = Release|x64
		{B4B2527A-DDDA-40A2-BE61-F15058E895F6}.Release|x64.Build.0 = Release|x64
		{B4B2527A-DDDA-40A2-BE61-F15058E895F6}.Release|x86.ActiveCfg = Release|x86
		{B4B2527A-DDDA-40A2-BE61-F15058E895F6}.Release|x86.Build.0 = Release|x86
	EndGlobalSection
	GlobalSection(SolutionProperties) = preSolution
		HideSolutionNode = FALSE
	EndGlobalSection
EndGlobal
