
Microsoft Visual Studio Solution File, Format Version 12.00
# Visual Studio 2013
VisualStudioVersion = 12.0.21005.1
MinimumVisualStudioVersion = 10.0.40219.1
Project("{FAE04EC0-301F-11D3-BF4B-00C04F79EFBC}") = "TestApp.Store.Windows.8.1", "TestApp.Store.Windows.8.1.csproj", "{C72C6D3F-A512-4EF4-A854-804EC7589DD6}"
EndProject
Project("{FAE04EC0-301F-11D3-BF4B-00C04F79EFBC}") = "AppboyUI.Store.Windows.8.1", "Externals\AppboyUI.Store\AppboyUI.Store.Windows.8.1.csproj", "{AFF6CB75-D9A3-4AA6-8BCF-3DC78B1B1878}"
EndProject
Global
	GlobalSection(SolutionConfigurationPlatforms) = preSolution
		AppboyDeploy|Any CPU = AppboyDeploy|Any CPU
		AppboyDeploy|ARM = AppboyDeploy|ARM
		AppboyDeploy|x64 = AppboyDeploy|x64
		AppboyDeploy|x86 = AppboyDeploy|x86
		AppboyDevelop|Any CPU = AppboyDevelop|Any CPU
		AppboyDevelop|ARM = AppboyDevelop|ARM
		AppboyDevelop|x64 = AppboyDevelop|x64
		AppboyDevelop|x86 = AppboyDevelop|x86
		Debug|Any CPU = Debug|Any CPU
		Debug|ARM = Debug|ARM
		Debug|x64 = Debug|x64
		Debug|x86 = Debug|x86
		Release|Any CPU = Release|Any CPU
		Release|ARM = Release|ARM
		Release|x64 = Release|x64
		Release|x86 = Release|x86
	EndGlobalSection
	GlobalSection(ProjectConfigurationPlatforms) = postSolution
		{C72C6D3F-A512-4EF4-A854-804EC7589DD6}.AppboyDeploy|Any CPU.ActiveCfg = AppboyDeploy|Any CPU
		{C72C6D3F-A512-4EF4-A854-804EC7589DD6}.AppboyDeploy|Any CPU.Build.0 = AppboyDeploy|Any CPU
		{C72C6D3F-A512-4EF4-A854-804EC7589DD6}.AppboyDeploy|Any CPU.Deploy.0 = AppboyDeploy|Any CPU
		{C72C6D3F-A512-4EF4-A854-804EC7589DD6}.AppboyDeploy|ARM.ActiveCfg = AppboyDeploy|ARM
		{C72C6D3F-A512-4EF4-A854-804EC7589DD6}.AppboyDeploy|ARM.Build.0 = AppboyDeploy|ARM
		{C72C6D3F-A512-4EF4-A854-804EC7589DD6}.AppboyDeploy|ARM.Deploy.0 = AppboyDeploy|ARM
		{C72C6D3F-A512-4EF4-A854-804EC7589DD6}.AppboyDeploy|x64.ActiveCfg = AppboyDeploy|x64
		{C72C6D3F-A512-4EF4-A854-804EC7589DD6}.AppboyDeploy|x64.Build.0 = AppboyDeploy|x64
		{C72C6D3F-A512-4EF4-A854-804EC7589DD6}.AppboyDeploy|x64.Deploy.0 = AppboyDeploy|x64
		{C72C6D3F-A512-4EF4-A854-804EC7589DD6}.AppboyDeploy|x86.ActiveCfg = AppboyDeploy|x86
		{C72C6D3F-A512-4EF4-A854-804EC7589DD6}.AppboyDeploy|x86.Build.0 = AppboyDeploy|x86
		{C72C6D3F-A512-4EF4-A854-804EC7589DD6}.AppboyDeploy|x86.Deploy.0 = AppboyDeploy|x86
		{C72C6D3F-A512-4EF4-A854-804EC7589DD6}.AppboyDevelop|Any CPU.ActiveCfg = AppboyDevelop|Any CPU
		{C72C6D3F-A512-4EF4-A854-804EC7589DD6}.AppboyDevelop|Any CPU.Build.0 = AppboyDevelop|Any CPU
		{C72C6D3F-A512-4EF4-A854-804EC7589DD6}.AppboyDevelop|Any CPU.Deploy.0 = AppboyDevelop|Any CPU
		{C72C6D3F-A512-4EF4-A854-804EC7589DD6}.AppboyDevelop|ARM.ActiveCfg = AppboyDevelop|ARM
		{C72C6D3F-A512-4EF4-A854-804EC7589DD6}.AppboyDevelop|ARM.Build.0 = AppboyDevelop|ARM
		{C72C6D3F-A512-4EF4-A854-804EC7589DD6}.AppboyDevelop|ARM.Deploy.0 = AppboyDevelop|ARM
		{C72C6D3F-A512-4EF4-A854-804EC7589DD6}.AppboyDevelop|x64.ActiveCfg = AppboyDevelop|x64
		{C72C6D3F-A512-4EF4-A854-804EC7589DD6}.AppboyDevelop|x64.Build.0 = AppboyDevelop|x64
		{C72C6D3F-A512-4EF4-A854-804EC7589DD6}.AppboyDevelop|x64.Deploy.0 = AppboyDevelop|x64
		{C72C6D3F-A512-4EF4-A854-804EC7589DD6}.AppboyDevelop|x86.ActiveCfg = AppboyDevelop|x86
		{C72C6D3F-A512-4EF4-A854-804EC7589DD6}.AppboyDevelop|x86.Build.0 = AppboyDevelop|x86
		{C72C6D3F-A512-4EF4-A854-804EC7589DD6}.AppboyDevelop|x86.Deploy.0 = AppboyDevelop|x86
		{C72C6D3F-A512-4EF4-A854-804EC7589DD6}.Debug|Any CPU.ActiveCfg = Debug|Any CPU
		{C72C6D3F-A512-4EF4-A854-804EC7589DD6}.Debug|Any CPU.Build.0 = Debug|Any CPU
		{C72C6D3F-A512-4EF4-A854-804EC7589DD6}.Debug|Any CPU.Deploy.0 = Debug|Any CPU
		{C72C6D3F-A512-4EF4-A854-804EC7589DD6}.Debug|ARM.ActiveCfg = Debug|ARM
		{C72C6D3F-A512-4EF4-A854-804EC7589DD6}.Debug|ARM.Build.0 = Debug|ARM
		{C72C6D3F-A512-4EF4-A854-804EC7589DD6}.Debug|ARM.Deploy.0 = Debug|ARM
		{C72C6D3F-A512-4EF4-A854-804EC7589DD6}.Debug|x64.ActiveCfg = Debug|x64
		{C72C6D3F-A512-4EF4-A854-804EC7589DD6}.Debug|x64.Build.0 = Debug|x64
		{C72C6D3F-A512-4EF4-A854-804EC7589DD6}.Debug|x64.Deploy.0 = Debug|x64
		{C72C6D3F-A512-4EF4-A854-804EC7589DD6}.Debug|x86.ActiveCfg = Debug|x86
		{C72C6D3F-A512-4EF4-A854-804EC7589DD6}.Debug|x86.Build.0 = Debug|x86
		{C72C6D3F-A512-4EF4-A854-804EC7589DD6}.Debug|x86.Deploy.0 = Debug|x86
		{C72C6D3F-A512-4EF4-A854-804EC7589DD6}.Release|Any CPU.ActiveCfg = Release|Any CPU
		{C72C6D3F-A512-4EF4-A854-804EC7589DD6}.Release|Any CPU.Build.0 = Release|Any CPU
		{C72C6D3F-A512-4EF4-A854-804EC7589DD6}.Release|Any CPU.Deploy.0 = Release|Any CPU
		{C72C6D3F-A512-4EF4-A854-804EC7589DD6}.Release|ARM.ActiveCfg = Release|ARM
		{C72C6D3F-A512-4EF4-A854-804EC7589DD6}.Release|ARM.Build.0 = Release|ARM
		{C72C6D3F-A512-4EF4-A854-804EC7589DD6}.Release|ARM.Deploy.0 = Release|ARM
		{C72C6D3F-A512-4EF4-A854-804EC7589DD6}.Release|x64.ActiveCfg = Release|x64
		{C72C6D3F-A512-4EF4-A854-804EC7589DD6}.Release|x64.Build.0 = Release|x64
		{C72C6D3F-A512-4EF4-A854-804EC7589DD6}.Release|x64.Deploy.0 = Release|x64
		{C72C6D3F-A512-4EF4-A854-804EC7589DD6}.Release|x86.ActiveCfg = Release|x86
		{C72C6D3F-A512-4EF4-A854-804EC7589DD6}.Release|x86.Build.0 = Release|x86
		{C72C6D3F-A512-4EF4-A854-804EC7589DD6}.Release|x86.Deploy.0 = Release|x86
		{AFF6CB75-D9A3-4AA6-8BCF-3DC78B1B1878}.AppboyDeploy|Any CPU.ActiveCfg = AppboyDeploy|Any CPU
		{AFF6CB75-D9A3-4AA6-8BCF-3DC78B1B1878}.AppboyDeploy|Any CPU.Build.0 = AppboyDeploy|Any CPU
		{AFF6CB75-D9A3-4AA6-8BCF-3DC78B1B1878}.AppboyDeploy|ARM.ActiveCfg = AppboyDeploy|ARM
		{AFF6CB75-D9A3-4AA6-8BCF-3DC78B1B1878}.AppboyDeploy|ARM.Build.0 = AppboyDeploy|ARM
		{AFF6CB75-D9A3-4AA6-8BCF-3DC78B1B1878}.AppboyDeploy|x64.ActiveCfg = AppboyDeploy|x64
		{AFF6CB75-D9A3-4AA6-8BCF-3DC78B1B1878}.AppboyDeploy|x64.Build.0 = AppboyDeploy|x64
		{AFF6CB75-D9A3-4AA6-8BCF-3DC78B1B1878}.AppboyDeploy|x86.ActiveCfg = AppboyDeploy|x86
		{AFF6CB75-D9A3-4AA6-8BCF-3DC78B1B1878}.AppboyDeploy|x86.Build.0 = AppboyDeploy|x86
		{AFF6CB75-D9A3-4AA6-8BCF-3DC78B1B1878}.AppboyDevelop|Any CPU.ActiveCfg = AppboyDevelop|Any CPU
		{AFF6CB75-D9A3-4AA6-8BCF-3DC78B1B1878}.AppboyDevelop|Any CPU.Build.0 = AppboyDevelop|Any CPU
		{AFF6CB75-D9A3-4AA6-8BCF-3DC78B1B1878}.AppboyDevelop|ARM.ActiveCfg = AppboyDevelop|ARM
		{AFF6CB75-D9A3-4AA6-8BCF-3DC78B1B1878}.AppboyDevelop|ARM.Build.0 = AppboyDevelop|ARM
		{AFF6CB75-D9A3-4AA6-8BCF-3DC78B1B1878}.AppboyDevelop|x64.ActiveCfg = AppboyDevelop|x64
		{AFF6CB75-D9A3-4AA6-8BCF-3DC78B1B1878}.AppboyDevelop|x64.Build.0 = AppboyDevelop|x64
		{AFF6CB75-D9A3-4AA6-8BCF-3DC78B1B1878}.AppboyDevelop|x86.ActiveCfg = AppboyDevelop|x86
		{AFF6CB75-D9A3-4AA6-8BCF-3DC78B1B1878}.AppboyDevelop|x86.Build.0 = AppboyDevelop|x86
		{AFF6CB75-D9A3-4AA6-8BCF-3DC78B1B1878}.Debug|Any CPU.ActiveCfg = Debug|Any CPU
		{AFF6CB75-D9A3-4AA6-8BCF-3DC78B1B1878}.Debug|Any CPU.Build.0 = Debug|Any CPU
		{AFF6CB75-D9A3-4AA6-8BCF-3DC78B1B1878}.Debug|ARM.ActiveCfg = Debug|ARM
		{AFF6CB75-D9A3-4AA6-8BCF-3DC78B1B1878}.Debug|ARM.Build.0 = Debug|ARM
		{AFF6CB75-D9A3-4AA6-8BCF-3DC78B1B1878}.Debug|x64.ActiveCfg = Debug|x64
		{AFF6CB75-D9A3-4AA6-8BCF-3DC78B1B1878}.Debug|x64.Build.0 = Debug|x64
		{AFF6CB75-D9A3-4AA6-8BCF-3DC78B1B1878}.Debug|x86.ActiveCfg = Debug|x86
		{AFF6CB75-D9A3-4AA6-8BCF-3DC78B1B1878}.Debug|x86.Build.0 = Debug|x86
		{AFF6CB75-D9A3-4AA6-8BCF-3DC78B1B1878}.Release|Any CPU.ActiveCfg = Release|Any CPU
		{AFF6CB75-D9A3-4AA6-8BCF-3DC78B1B1878}.Release|Any CPU.Build.0 = Release|Any CPU
		{AFF6CB75-D9A3-4AA6-8BCF-3DC78B1B1878}.Release|ARM.ActiveCfg = Release|ARM
		{AFF6CB75-D9A3-4AA6-8BCF-3DC78B1B1878}.Release|ARM.Build.0 = Release|ARM
		{AFF6CB75-D9A3-4AA6-8BCF-3DC78B1B1878}.Release|x64.ActiveCfg = Release|x64
		{AFF6CB75-D9A3-4AA6-8BCF-3DC78B1B1878}.Release|x64.Build.0 = Release|x64
		{AFF6CB75-D9A3-4AA6-8BCF-3DC78B1B1878}.Release|x86.ActiveCfg = Release|x86
		{AFF6CB75-D9A3-4AA6-8BCF-3DC78B1B1878}.Release|x86.Build.0 = Release|x86
	EndGlobalSection
	GlobalSection(SolutionProperties) = preSolution
		HideSolutionNode = FALSE
	EndGlobalSection
EndGlobal
